
Microsoft Visual Studio Solution File, Format Version 12.00
# Visual Studio Version 17
VisualStudioVersion = 17.5.33627.172
MinimumVisualStudioVersion = 10.0.40219.1
Project("{8BC9CEB8-8B4A-11D0-8D11-00A0C91BC942}") = "PCP1", "PCP1\PCP1.vcxproj", "{A64F65DC-2DD2-41E5-88ED-C7B5D6E461D1}"
EndProject
Project("{54435603-DBB4-11D2-8724-00A0C9A8B90C}") = "pCenter1", "pCenter1\pCenter1.vdproj", "{96E65118-889B-4E15-81C6-24BAF32189EA}"
EndProject
Global
	GlobalSection(SolutionConfigurationPlatforms) = preSolution
		Debug|x64 = Debug|x64
		Debug|x86 = Debug|x86
		Release|x64 = Release|x64
		Release|x86 = Release|x86
	EndGlobalSection
	GlobalSection(ProjectConfigurationPlatforms) = postSolution
		{A64F65DC-2DD2-41E5-88ED-C7B5D6E461D1}.Debug|x64.ActiveCfg = Debug|x64
		{A64F65DC-2DD2-41E5-88ED-C7B5D6E461D1}.Debug|x64.Build.0 = Debug|x64
		{A64F65DC-2DD2-41E5-88ED-C7B5D6E461D1}.Debug|x86.ActiveCfg = Debug|Win32
		{A64F65DC-2DD2-41E5-88ED-C7B5D6E461D1}.Debug|x86.Build.0 = Debug|Win32
		{A64F65DC-2DD2-41E5-88ED-C7B5D6E461D1}.Release|x64.ActiveCfg = Release|x64
		{A64F65DC-2DD2-41E5-88ED-C7B5D6E461D1}.Release|x64.Build.0 = Release|x64
		{A64F65DC-2DD2-41E5-88ED-C7B5D6E461D1}.Release|x86.ActiveCfg = Release|Win32
		{A64F65DC-2DD2-41E5-88ED-C7B5D6E461D1}.Release|x86.Build.0 = Release|Win32
		{96E65118-889B-4E15-81C6-24BAF32189EA}.Debug|x64.ActiveCfg = Debug
		{96E65118-889B-4E15-81C6-24BAF32189EA}.Debug|x86.ActiveCfg = Debug
		{96E65118-889B-4E15-81C6-24BAF32189EA}.Release|x64.ActiveCfg = Release
		{96E65118-889B-4E15-81C6-24BAF32189EA}.Release|x86.ActiveCfg = Release
	EndGlobalSection
	GlobalSection(SolutionProperties) = preSolution
		HideSolutionNode = FALSE
	EndGlobalSection
	GlobalSection(ExtensibilityGlobals) = postSolution
		SolutionGuid = {8F31ABB4-A5F2-4FAC-A437-2D2A2E18F5AE}
	EndGlobalSection
EndGlobal
